// !$*UTF8*$!
{
	archiveVersion = 1;
	classes = {
	};
	objectVersion = 46;
	objects = {

/* Begin PBXBuildFile section */
		3189439D1D557D4300DC5A24 /* AppDelegate.swift in Sources */ = {isa = PBXBuildFile; fileRef = 3189439C1D557D4300DC5A24 /* AppDelegate.swift */; };
		3189439F1D557D4300DC5A24 /* ViewController.swift in Sources */ = {isa = PBXBuildFile; fileRef = 3189439E1D557D4300DC5A24 /* ViewController.swift */; };
		318943A21D557D4300DC5A24 /* Main.storyboard in Resources */ = {isa = PBXBuildFile; fileRef = 318943A01D557D4300DC5A24 /* Main.storyboard */; };
		318943A41D557D4300DC5A24 /* Assets.xcassets in Resources */ = {isa = PBXBuildFile; fileRef = 318943A31D557D4300DC5A24 /* Assets.xcassets */; };
		318943A71D557D4300DC5A24 /* LaunchScreen.storyboard in Resources */ = {isa = PBXBuildFile; fileRef = 318943A51D557D4300DC5A24 /* LaunchScreen.storyboard */; };
		318943B21D557D4300DC5A24 /* MyFirstAppTests.swift in Sources */ = {isa = PBXBuildFile; fileRef = 318943B11D557D4300DC5A24 /* MyFirstAppTests.swift */; };
		318943BD1D557D4300DC5A24 /* MyFirstAppUITests.swift in Sources */ = {isa = PBXBuildFile; fileRef = 318943BC1D557D4300DC5A24 /* MyFirstAppUITests.swift */; };
/* End PBXBuildFile section */

/* Begin PBXContainerItemProxy section */
		318943AE1D557D4300DC5A24 /* PBXContainerItemProxy */ = {
			isa = PBXContainerItemProxy;
			containerPortal = 318943911D557D4300DC5A24 /* Project object */;
			proxyType = 1;
			remoteGlobalIDString = 318943981D557D4300DC5A24;
			remoteInfo = MyFirstApp;
		};
		318943B91D557D4300DC5A24 /* PBXContainerItemProxy */ = {
			isa = PBXContainerItemProxy;
			containerPortal = 318943911D557D4300DC5A24 /* Project object */;
			proxyType = 1;
			remoteGlobalIDString = 318943981D557D4300DC5A24;
			remoteInfo = MyFirstApp;
		};
/* End PBXContainerItemProxy section */

/* Begin PBXFileReference section */
		318943991D557D4300DC5A24 /* MyFirstApp.app */ = {isa = PBXFileReference; explicitFileType = wrapper.application; includeInIndex = 0; path = MyFirstApp.app; sourceTree = BUILT_PRODUCTS_DIR; };
		3189439C1D557D4300DC5A24 /* AppDelegate.swift */ = {isa = PBXFileReference; lastKnownFileType = sourcecode.swift; path = AppDelegate.swift; sourceTree = "<group>"; };
		3189439E1D557D4300DC5A24 /* ViewController.swift */ = {isa = PBXFileReference; lastKnownFileType = sourcecode.swift; path = ViewController.swift; sourceTree = "<group>"; };
		318943A11D557D4300DC5A24 /* Base */ = {isa = PBXFileReference; lastKnownFileType = file.storyboard; name = Base; path = Base.lproj/Main.storyboard; sourceTree = "<group>"; };
		318943A31D557D4300DC5A24 /* Assets.xcassets */ = {isa = PBXFileReference; lastKnownFileType = folder.assetcatalog; path = Assets.xcassets; sourceTree = "<group>"; };
		318943A61D557D4300DC5A24 /* Base */ = {isa = PBXFileReference; lastKnownFileType = file.storyboard; name = Base; path = Base.lproj/LaunchScreen.storyboard; sourceTree = "<group>"; };
		318943A81D557D4300DC5A24 /* Info.plist */ = {isa = PBXFileReference; lastKnownFileType = text.plist.xml; path = Info.plist; sourceTree = "<group>"; };
		318943AD1D557D4300DC5A24 /* MyFirstAppTests.xctest */ = {isa = PBXFileReference; explicitFileType = wrapper.cfbundle; includeInIndex = 0; path = MyFirstAppTests.xctest; sourceTree = BUILT_PRODUCTS_DIR; };
		318943B11D557D4300DC5A24 /* MyFirstAppTests.swift */ = {isa = PBXFileReference; lastKnownFileType = sourcecode.swift; path = MyFirstAppTests.swift; sourceTree = "<group>"; };
		318943B31D557D4300DC5A24 /* Info.plist */ = {isa = PBXFileReference; lastKnownFileType = text.plist.xml; path = Info.plist; sourceTree = "<group>"; };
		318943B81D557D4300DC5A24 /* MyFirstAppUITests.xctest */ = {isa = PBXFileReference; explicitFileType = wrapper.cfbundle; includeInIndex = 0; path = MyFirstAppUITests.xctest; sourceTree = BUILT_PRODUCTS_DIR; };
		318943BC1D557D4300DC5A24 /* MyFirstAppUITests.swift */ = {isa = PBXFileReference; lastKnownFileType = sourcecode.swift; path = MyFirstAppUITests.swift; sourceTree = "<group>"; };
		318943BE1D557D4300DC5A24 /* Info.plist */ = {isa = PBXFileReference; lastKnownFileType = text.plist.xml; path = Info.plist; sourceTree = "<group>"; };
/* End PBXFileReference section */

/* Begin PBXFrameworksBuildPhase section */
		318943961D557D4300DC5A24 /* Frameworks */ = {
			isa = PBXFrameworksBuildPhase;
			buildActionMask = 2147483647;
			files = (
			);
			runOnlyForDeploymentPostprocessing = 0;
		};
		318943AA1D557D4300DC5A24 /* Frameworks */ = {
			isa = PBXFrameworksBuildPhase;
			buildActionMask = 2147483647;
			files = (
			);
			runOnlyForDeploymentPostprocessing = 0;
		};
		318943B51D557D4300DC5A24 /* Frameworks */ = {
			isa = PBXFrameworksBuildPhase;
			buildActionMask = 2147483647;
			files = (
			);
			runOnlyForDeploymentPostprocessing = 0;
		};
/* End PBXFrameworksBuildPhase section */

/* Begin PBXGroup section */
		318943901D557D4300DC5A24 = {
			isa = PBXGroup;
			children = (
				3189439B1D557D4300DC5A24 /* MyFirstApp */,
				318943B01D557D4300DC5A24 /* MyFirstAppTests */,
				318943BB1D557D4300DC5A24 /* MyFirstAppUITests */,
				3189439A1D557D4300DC5A24 /* Products */,
			);
			sourceTree = "<group>";
		};
		3189439A1D557D4300DC5A24 /* Products */ = {
			isa = PBXGroup;
			children = (
				318943991D557D4300DC5A24 /* MyFirstApp.app */,
				318943AD1D557D4300DC5A24 /* MyFirstAppTests.xctest */,
				318943B81D557D4300DC5A24 /* MyFirstAppUITests.xctest */,
			);
			name = Products;
			sourceTree = "<group>";
		};
		3189439B1D557D4300DC5A24 /* MyFirstApp */ = {
			isa = PBXGroup;
			children = (
				3189439C1D557D4300DC5A24 /* AppDelegate.swift */,
				3189439E1D557D4300DC5A24 /* ViewController.swift */,
				318943A01D557D4300DC5A24 /* Main.storyboard */,
				318943A31D557D4300DC5A24 /* Assets.xcassets */,
				318943A51D557D4300DC5A24 /* LaunchScreen.storyboard */,
				318943A81D557D4300DC5A24 /* Info.plist */,
			);
			path = MyFirstApp;
			sourceTree = "<group>";
		};
		318943B01D557D4300DC5A24 /* MyFirstAppTests */ = {
			isa = PBXGroup;
			children = (
				318943B11D557D4300DC5A24 /* MyFirstAppTests.swift */,
				318943B31D557D4300DC5A24 /* Info.plist */,
			);
			path = MyFirstAppTests;
			sourceTree = "<group>";
		};
		318943BB1D557D4300DC5A24 /* MyFirstAppUITests */ = {
			isa = PBXGroup;
			children = (
				318943BC1D557D4300DC5A24 /* MyFirstAppUITests.swift */,
				318943BE1D557D4300DC5A24 /* Info.plist */,
			);
			path = MyFirstAppUITests;
			sourceTree = "<group>";
		};
/* End PBXGroup section */

/* Begin PBXNativeTarget section */
		318943981D557D4300DC5A24 /* MyFirstApp */ = {
			isa = PBXNativeTarget;
			buildConfigurationList = 318943C11D557D4300DC5A24 /* Build configuration list for PBXNativeTarget "MyFirstApp" */;
			buildPhases = (
				318943951D557D4300DC5A24 /* Sources */,
				318943961D557D4300DC5A24 /* Frameworks */,
				318943971D557D4300DC5A24 /* Resources */,
			);
			buildRules = (
			);
			dependencies = (
			);
			name = MyFirstApp;
			productName = MyFirstApp;
			productReference = 318943991D557D4300DC5A24 /* MyFirstApp.app */;
			productType = "com.apple.product-type.application";
		};
		318943AC1D557D4300DC5A24 /* MyFirstAppTests */ = {
			isa = PBXNativeTarget;
			buildConfigurationList = 318943C41D557D4300DC5A24 /* Build configuration list for PBXNativeTarget "MyFirstAppTests" */;
			buildPhases = (
				318943A91D557D4300DC5A24 /* Sources */,
				318943AA1D557D4300DC5A24 /* Frameworks */,
				318943AB1D557D4300DC5A24 /* Resources */,
			);
			buildRules = (
			);
			dependencies = (
				318943AF1D557D4300DC5A24 /* PBXTargetDependency */,
			);
			name = MyFirstAppTests;
			productName = MyFirstAppTests;
			productReference = 318943AD1D557D4300DC5A24 /* MyFirstAppTests.xctest */;
			productType = "com.apple.product-type.bundle.unit-test";
		};
		318943B71D557D4300DC5A24 /* MyFirstAppUITests */ = {
			isa = PBXNativeTarget;
			buildConfigurationList = 318943C71D557D4300DC5A24 /* Build configuration list for PBXNativeTarget "MyFirstAppUITests" */;
			buildPhases = (
				318943B41D557D4300DC5A24 /* Sources */,
				318943B51D557D4300DC5A24 /* Frameworks */,
				318943B61D557D4300DC5A24 /* Resources */,
			);
			buildRules = (
			);
			dependencies = (
				318943BA1D557D4300DC5A24 /* PBXTargetDependency */,
			);
			name = MyFirstAppUITests;
			productName = MyFirstAppUITests;
			productReference = 318943B81D557D4300DC5A24 /* MyFirstAppUITests.xctest */;
			productType = "com.apple.product-type.bundle.ui-testing";
		};
/* End PBXNativeTarget section */

/* Begin PBXProject section */
		318943911D557D4300DC5A24 /* Project object */ = {
			isa = PBXProject;
			attributes = {
				LastSwiftUpdateCheck = 0730;
				LastUpgradeCheck = 0730;
				ORGANIZATIONNAME = TakuYamada;
				TargetAttributes = {
					318943981D557D4300DC5A24 = {
						CreatedOnToolsVersion = 7.3.1;
					};
					318943AC1D557D4300DC5A24 = {
						CreatedOnToolsVersion = 7.3.1;
						TestTargetID = 318943981D557D4300DC5A24;
					};
					318943B71D557D4300DC5A24 = {
						CreatedOnToolsVersion = 7.3.1;
						TestTargetID = 318943981D557D4300DC5A24;
					};
				};
			};
			buildConfigurationList = 318943941D557D4300DC5A24 /* Build configuration list for PBXProject "MyFirstApp" */;
			compatibilityVersion = "Xcode 3.2";
			developmentRegion = English;
			hasScannedForEncodings = 0;
			knownRegions = (
				en,
				Base,
			);
			mainGroup = 318943901D557D4300DC5A24;
			productRefGroup = 3189439A1D557D4300DC5A24 /* Products */;
			projectDirPath = "";
			projectRoot = "";
			targets = (
				318943981D557D4300DC5A24 /* MyFirstApp */,
				318943AC1D557D4300DC5A24 /* MyFirstAppTests */,
				318943B71D557D4300DC5A24 /* MyFirstAppUITests */,
			);
		};
/* End PBXProject section */

/* Begin PBXResourcesBuildPhase section */
		318943971D557D4300DC5A24 /* Resources */ = {
			isa = PBXResourcesBuildPhase;
			buildActionMask = 2147483647;
			files = (
				318943A71D557D4300DC5A24 /* LaunchScreen.storyboard in Resources */,
				318943A41D557D4300DC5A24 /* Assets.xcassets in Resources */,
				318943A21D557D4300DC5A24 /* Main.storyboard in Resources */,
			);
			runOnlyForDeploymentPostprocessing = 0;
		};
		318943AB1D557D4300DC5A24 /* Resources */ = {
			isa = PBXResourcesBuildPhase;
			buildActionMask = 2147483647;
			files = (
			);
			runOnlyForDeploymentPostprocessing = 0;
		};
		318943B61D557D4300DC5A24 /* Resources */ = {
			isa = PBXResourcesBuildPhase;
			buildActionMask = 2147483647;
			files = (
			);
			runOnlyForDeploymentPostprocessing = 0;
		};
/* End PBXResourcesBuildPhase section */

/* Begin PBXSourcesBuildPhase section */
		318943951D557D4300DC5A24 /* Sources */ = {
			isa = PBXSourcesBuildPhase;
			buildActionMask = 2147483647;
			files = (
				3189439F1D557D4300DC5A24 /* ViewController.swift in Sources */,
				3189439D1D557D4300DC5A24 /* AppDelegate.swift in Sources */,
			);
			runOnlyForDeploymentPostprocessing = 0;
		};
		318943A91D557D4300DC5A24 /* Sources */ = {
			isa = PBXSourcesBuildPhase;
			buildActionMask = 2147483647;
			files = (
				318943B21D557D4300DC5A24 /* MyFirstAppTests.swift in Sources */,
			);
			runOnlyForDeploymentPostprocessing = 0;
		};
		318943B41D557D4300DC5A24 /* Sources */ = {
			isa = PBXSourcesBuildPhase;
			buildActionMask = 2147483647;
			files = (
				318943BD1D557D4300DC5A24 /* MyFirstAppUITests.swift in Sources */,
			);
			runOnlyForDeploymentPostprocessing = 0;
		};
/* End PBXSourcesBuildPhase section */

/* Begin PBXTargetDependency section */
		318943AF1D557D4300DC5A24 /* PBXTargetDependency */ = {
			isa = PBXTargetDependency;
			target = 318943981D557D4300DC5A24 /* MyFirstApp */;
			targetProxy = 318943AE1D557D4300DC5A24 /* PBXContainerItemProxy */;
		};
		318943BA1D557D4300DC5A24 /* PBXTargetDependency */ = {
			isa = PBXTargetDependency;
			target = 318943981D557D4300DC5A24 /* MyFirstApp */;
			targetProxy = 318943B91D557D4300DC5A24 /* PBXContainerItemProxy */;
		};
/* End PBXTargetDependency section */

/* Begin PBXVariantGroup section */
		318943A01D557D4300DC5A24 /* Main.storyboard */ = {
			isa = PBXVariantGroup;
			children = (
				318943A11D557D4300DC5A24 /* Base */,
			);
			name = Main.storyboard;
			sourceTree = "<group>";
		};
		318943A51D557D4300DC5A24 /* LaunchScreen.storyboard */ = {
			isa = PBXVariantGroup;
			children = (
				318943A61D557D4300DC5A24 /* Base */,
			);
			name = LaunchScreen.storyboard;
			sourceTree = "<group>";
		};
/* End PBXVariantGroup section */

/* Begin XCBuildConfiguration section */
		318943BF1D557D4300DC5A24 /* Debug */ = {
			isa = XCBuildConfiguration;
			buildSettings = {
				ALWAYS_SEARCH_USER_PATHS = NO;
				CLANG_ANALYZER_NONNULL = YES;
				CLANG_CXX_LANGUAGE_STANDARD = "gnu++0x";
				CLANG_CXX_LIBRARY = "libc++";
				CLANG_ENABLE_MODULES = YES;
				CLANG_ENABLE_OBJC_ARC = YES;
				CLANG_WARN_BOOL_CONVERSION = YES;
				CLANG_WARN_CONSTANT_CONVERSION = YES;
				CLANG_WARN_DIRECT_OBJC_ISA_USAGE = YES_ERROR;
				CLANG_WARN_EMPTY_BODY = YES;
				CLANG_WARN_ENUM_CONVERSION = YES;
				CLANG_WARN_INT_CONVERSION = YES;
				CLANG_WARN_OBJC_ROOT_CLASS = YES_ERROR;
				CLANG_WARN_UNREACHABLE_CODE = YES;
				CLANG_WARN__DUPLICATE_METHOD_MATCH = YES;
				"CODE_SIGN_IDENTITY[sdk=iphoneos*]" = "iPhone Developer";
				COPY_PHASE_STRIP = NO;
				DEBUG_INFORMATION_FORMAT = dwarf;
				ENABLE_STRICT_OBJC_MSGSEND = YES;
				ENABLE_TESTABILITY = YES;
				GCC_C_LANGUAGE_STANDARD = gnu99;
				GCC_DYNAMIC_NO_PIC = NO;
				GCC_NO_COMMON_BLOCKS = YES;
				GCC_OPTIMIZATION_LEVEL = 0;
				GCC_PREPROCESSOR_DEFINITIONS = (
					"DEBUG=1",
					"$(inherited)",
				);
				GCC_WARN_64_TO_32_BIT_CONVERSION = YES;
				GCC_WARN_ABOUT_RETURN_TYPE = YES_ERROR;
				GCC_WARN_UNDECLARED_SELECTOR = YES;
				GCC_WARN_UNINITIALIZED_AUTOS = YES_AGGRESSIVE;
				GCC_WARN_UNUSED_FUNCTION = YES;
				GCC_WARN_UNUSED_VARIABLE = YES;
				IPHONEOS_DEPLOYMENT_TARGET = 9.3;
				MTL_ENABLE_DEBUG_INFO = YES;
				ONLY_ACTIVE_ARCH = YES;
				SDKROOT = iphoneos;
				SWIFT_OPTIMIZATION_LEVEL = "-Onone";
			};
			name = Debug;
		};
		318943C01D557D4300DC5A24 /* Release */ = {
			isa = XCBuildConfiguration;
			buildSettings = {
				ALWAYS_SEARCH_USER_PATHS = NO;
				CLANG_ANALYZER_NONNULL = YES;
				CLANG_CXX_LANGUAGE_STANDARD = "gnu++0x";
				CLANG_CXX_LIBRARY = "libc++";
				CLANG_ENABLE_MODULES = YES;
				CLANG_ENABLE_OBJC_ARC = YES;
				CLANG_WARN_BOOL_CONVERSION = YES;
				CLANG_WARN_CONSTANT_CONVERSION = YES;
				CLANG_WARN_DIRECT_OBJC_ISA_USAGE = YES_ERROR;
				CLANG_WARN_EMPTY_BODY = YES;
				CLANG_WARN_ENUM_CONVERSION = YES;
				CLANG_WARN_INT_CONVERSION = YES;
				CLANG_WARN_OBJC_ROOT_CLASS = YES_ERROR;
				CLANG_WARN_UNREACHABLE_CODE = YES;
				CLANG_WARN__DUPLICATE_METHOD_MATCH = YES;
				"CODE_SIGN_IDENTITY[sdk=iphoneos*]" = "iPhone Developer";
				COPY_PHASE_STRIP = NO;
				DEBUG_INFORMATION_FORMAT = "dwarf-with-dsym";
				ENABLE_NS_ASSERTIONS = NO;
				ENABLE_STRICT_OBJC_MSGSEND = YES;
				GCC_C_LANGUAGE_STANDARD = gnu99;
				GCC_NO_COMMON_BLOCKS = YES;
				GCC_WARN_64_TO_32_BIT_CONVERSION = YES;
				GCC_WARN_ABOUT_RETURN_TYPE = YES_ERROR;
				GCC_WARN_UNDECLARED_SELECTOR = YES;
				GCC_WARN_UNINITIALIZED_AUTOS = YES_AGGRESSIVE;
				GCC_WARN_UNUSED_FUNCTION = YES;
				GCC_WARN_UNUSED_VARIABLE = YES;
				IPHONEOS_DEPLOYMENT_TARGET = 9.3;
				MTL_ENABLE_DEBUG_INFO = NO;
				SDKROOT = iphoneos;
				VALIDATE_PRODUCT = YES;
			};
			name = Release;
		};
		318943C21D557D4300DC5A24 /* Debug */ = {
			isa = XCBuildConfiguration;
			buildSettings = {
				ASSETCATALOG_COMPILER_APPICON_NAME = AppIcon;
				INFOPLIST_FILE = MyFirstApp/Info.plist;
				LD_RUNPATH_SEARCH_PATHS = "$(inherited) @executable_path/Frameworks";
				PRODUCT_BUNDLE_IDENTIFIER = com.dotinstall.MyFirstApp;
				PRODUCT_NAME = "$(TARGET_NAME)";
			};
			name = Debug;
		};
		318943C31D557D4300DC5A24 /* Release */ = {
			isa = XCBuildConfiguration;
			buildSettings = {
				ASSETCATALOG_COMPILER_APPICON_NAME = AppIcon;
				INFOPLIST_FILE = MyFirstApp/Info.plist;
				LD_RUNPATH_SEARCH_PATHS = "$(inherited) @executable_path/Frameworks";
				PRODUCT_BUNDLE_IDENTIFIER = com.dotinstall.MyFirstApp;
				PRODUCT_NAME = "$(TARGET_NAME)";
			};
			name = Release;
		};
		318943C51D557D4300DC5A24 /* Debug */ = {
			isa = XCBuildConfiguration;
			buildSettings = {
				BUNDLE_LOADER = "$(TEST_HOST)";
				INFOPLIST_FILE = MyFirstAppTests/Info.plist;
				LD_RUNPATH_SEARCH_PATHS = "$(inherited) @executable_path/Frameworks @loader_path/Frameworks";
				PRODUCT_BUNDLE_IDENTIFIER = com.dotinstall.MyFirstAppTests;
				PRODUCT_NAME = "$(TARGET_NAME)";
				TEST_HOST = "$(BUILT_PRODUCTS_DIR)/MyFirstApp.app/MyFirstApp";
			};
			name = Debug;
		};
		318943C61D557D4300DC5A24 /* Release */ = {
			isa = XCBuildConfiguration;
			buildSettings = {
				BUNDLE_LOADER = "$(TEST_HOST)";
				INFOPLIST_FILE = MyFirstAppTests/Info.plist;
				LD_RUNPATH_SEARCH_PATHS = "$(inherited) @executable_path/Frameworks @loader_path/Frameworks";
				PRODUCT_BUNDLE_IDENTIFIER = com.dotinstall.MyFirstAppTests;
				PRODUCT_NAME = "$(TARGET_NAME)";
				TEST_HOST = "$(BUILT_PRODUCTS_DIR)/MyFirstApp.app/MyFirstApp";
			};
			name = Release;
		};
		318943C81D557D4300DC5A24 /* Debug */ = {
			isa = XCBuildConfiguration;
			buildSettings = {
				INFOPLIST_FILE = MyFirstAppUITests/Info.plist;
				LD_RUNPATH_SEARCH_PATHS = "$(inherited) @executable_path/Frameworks @loader_path/Frameworks";
				PRODUCT_BUNDLE_IDENTIFIER = com.dotinstall.MyFirstAppUITests;
				PRODUCT_NAME = "$(TARGET_NAME)";
				TEST_TARGET_NAME = MyFirstApp;
			};
			name = Debug;
		};
		318943C91D557D4300DC5A24 /* Release */ = {
			isa = XCBuildConfiguration;
			buildSettings = {
				INFOPLIST_FILE = MyFirstAppUITests/Info.plist;
				LD_RUNPATH_SEARCH_PATHS = "$(inherited) @executable_path/Frameworks @loader_path/Frameworks";
				PRODUCT_BUNDLE_IDENTIFIER = com.dotinstall.MyFirstAppUITests;
				PRODUCT_NAME = "$(TARGET_NAME)";
				TEST_TARGET_NAME = MyFirstApp;
			};
			name = Release;
		};
/* End XCBuildConfiguration section */

/* Begin XCConfigurationList section */
		318943941D557D4300DC5A24 /* Build configuration list for PBXProject "MyFirstApp" */ = {
			isa = XCConfigurationList;
			buildConfigurations = (
				318943BF1D557D4300DC5A24 /* Debug */,
				318943C01D557D4300DC5A24 /* Release */,
			);
			defaultConfigurationIsVisible = 0;
			defaultConfigurationName = Release;
		};
		318943C11D557D4300DC5A24 /* Build configuration list for PBXNativeTarget "MyFirstApp" */ = {
			isa = XCConfigurationList;
			buildConfigurations = (
				318943C21D557D4300DC5A24 /* Debug */,
				318943C31D557D4300DC5A24 /* Release */,
			);
			defaultConfigurationIsVisible = 0;
		};
		318943C41D557D4300DC5A24 /* Build configuration list for PBXNativeTarget "MyFirstAppTests" */ = {
			isa = XCConfigurationList;
			buildConfigurations = (
				318943C51D557D4300DC5A24 /* Debug */,
				318943C61D557D4300DC5A24 /* Release */,
			);
			defaultConfigurationIsVisible = 0;
		};
		318943C71D557D4300DC5A24 /* Build configuration list for PBXNativeTarget "MyFirstAppUITests" */ = {
			isa = XCConfigurationList;
			buildConfigurations = (
				318943C81D557D4300DC5A24 /* Debug */,
				318943C91D557D4300DC5A24 /* Release */,
			);
			defaultConfigurationIsVisible = 0;
		};
/* End XCConfigurationList section */
	};
	rootObject = 318943911D557D4300DC5A24 /* Project object */;
}
